// !$*UTF8*$!
{
	archiveVersion = 1;
	classes = {
	};
	objectVersion = 77;
	objects = {

/* Begin PBXBuildFile section */
		1CCAA6FDBBB854DCBC1968EA /* MenuBarView.swift in Sources */ = {isa = PBXBuildFile; fileRef = 52A2D12AD9D89928096A633C /* MenuBarView.swift */; };
		2CD0D3C3CF795626E50A5EAA /* StandLockApp.swift in Sources */ = {isa = PBXBuildFile; fileRef = B1524D749BB78A875E5FD51F /* StandLockApp.swift */; };
		44D9EB3E27CF114DDF7E3735 /* BreakOverlayWindow.swift in Sources */ = {isa = PBXBuildFile; fileRef = C5BBDBF97CFAA5FF490CBD00 /* BreakOverlayWindow.swift */; };
		4A537C55B992DF62814F9857 /* QuickActionsView.swift in Sources */ = {isa = PBXBuildFile; fileRef = E2436E0F3F20FE12F920ADE7 /* QuickActionsView.swift */; };
		4F9FCDEAA10641DE215D0663 /* StandLockCore in Frameworks */ = {isa = PBXBuildFile; productRef = 72A6FAE1CB69E8D0DE33B641 /* StandLockCore */; };
		4FCB9EE133A8300CC965E687 /* AppCoordinator.swift in Sources */ = {isa = PBXBuildFile; fileRef = A81F2ED91290AD26CB5B672E /* AppCoordinator.swift */; };
		5AC2660FDBB66F4B523FC1E2 /* ScheduleEditorView.swift in Sources */ = {isa = PBXBuildFile; fileRef = 94F9B9151DFEA710D1211B70 /* ScheduleEditorView.swift */; };
		676678D8A09155A2AEEFA18C /* DisciplineLevelPicker.swift in Sources */ = {isa = PBXBuildFile; fileRef = A866831BDFD42E80353C80D8 /* DisciplineLevelPicker.swift */; };
		6AF974084F51158A71D9EA47 /* SettingsView.swift in Sources */ = {isa = PBXBuildFile; fileRef = 512EB234C46341A2816AAE12 /* SettingsView.swift */; };
		810D4C61C16893C7AA034095 /* BreakContentView.swift in Sources */ = {isa = PBXBuildFile; fileRef = 17E19773EB3047D0D427C1C2 /* BreakContentView.swift */; };
		82BDAFFF1661ED2476DDCAD3 /* Detection in Frameworks */ = {isa = PBXBuildFile; productRef = F19E05A1FA932709D406DD8F /* Detection */; };
		89532644D109DAC0E1C69BED /* PermissionsView.swift in Sources */ = {isa = PBXBuildFile; fileRef = 6382F8157622B1D11845645E /* PermissionsView.swift */; };
		90D5E71A0446AFE3673A03EA /* Scheduling in Frameworks */ = {isa = PBXBuildFile; productRef = 316964B56B03AC1F35947883 /* Scheduling */; };
		918E275316F96D0940D30FE1 /* Coordination in Frameworks */ = {isa = PBXBuildFile; productRef = B92CC5F67D1B761AB8B497AF /* Coordination */; };
		9D77F7B7F12048E4399B8B25 /* AppDelegate.swift in Sources */ = {isa = PBXBuildFile; fileRef = DD06AD45022B6D147E26C4A6 /* AppDelegate.swift */; };
		AD18B90CCF07CB58B8312CDB /* Locking in Frameworks */ = {isa = PBXBuildFile; productRef = 3F23054B7AE15E61C38C884E /* Locking */; };
		B0845F2F14770C95395FBA5F /* ScheduleFormView.swift in Sources */ = {isa = PBXBuildFile; fileRef = 14C3EDA84FE380ED1AF6CE8A /* ScheduleFormView.swift */; };
		DABDEC6CA937B88679850A3E /* DetectionSettingsView.swift in Sources */ = {isa = PBXBuildFile; fileRef = E2E6E6102A1900D1FAB2A856 /* DetectionSettingsView.swift */; };
		ED1A168BD55576065212E8ED /* OverlayWindowController.swift in Sources */ = {isa = PBXBuildFile; fileRef = 4462E8D161113596647BD19E /* OverlayWindowController.swift */; };
/* End PBXBuildFile section */

/* Begin PBXFileReference section */
		05CE8593F3F5EBFD2FD7DD08 /* StandLock.app */ = {isa = PBXFileReference; explicitFileType = wrapper.application; includeInIndex = 0; path = StandLock.app; sourceTree = BUILT_PRODUCTS_DIR; };
		14C3EDA84FE380ED1AF6CE8A /* ScheduleFormView.swift */ = {isa = PBXFileReference; lastKnownFileType = sourcecode.swift; path = ScheduleFormView.swift; sourceTree = "<group>"; };
		17E19773EB3047D0D427C1C2 /* BreakContentView.swift */ = {isa = PBXFileReference; lastKnownFileType = sourcecode.swift; path = BreakContentView.swift; sourceTree = "<group>"; };
		42215A75B39382916D51D614 /* Info.plist */ = {isa = PBXFileReference; lastKnownFileType = text.plist; path = Info.plist; sourceTree = "<group>"; };
		4462E8D161113596647BD19E /* OverlayWindowController.swift */ = {isa = PBXFileReference; lastKnownFileType = sourcecode.swift; path = OverlayWindowController.swift; sourceTree = "<group>"; };
		512EB234C46341A2816AAE12 /* SettingsView.swift */ = {isa = PBXFileReference; lastKnownFileType = sourcecode.swift; path = SettingsView.swift; sourceTree = "<group>"; };
		52A2D12AD9D89928096A633C /* MenuBarView.swift */ = {isa = PBXFileReference; lastKnownFileType = sourcecode.swift; path = MenuBarView.swift; sourceTree = "<group>"; };
		540564FDDCA36A0411155BC1 /* StandLock.entitlements */ = {isa = PBXFileReference; lastKnownFileType = text.plist.entitlements; path = StandLock.entitlements; sourceTree = "<group>"; };
		6382F8157622B1D11845645E /* PermissionsView.swift */ = {isa = PBXFileReference; lastKnownFileType = sourcecode.swift; path = PermissionsView.swift; sourceTree = "<group>"; };
		94F9B9151DFEA710D1211B70 /* ScheduleEditorView.swift */ = {isa = PBXFileReference; lastKnownFileType = sourcecode.swift; path = ScheduleEditorView.swift; sourceTree = "<group>"; };
		A81F2ED91290AD26CB5B672E /* AppCoordinator.swift */ = {isa = PBXFileReference; lastKnownFileType = sourcecode.swift; path = AppCoordinator.swift; sourceTree = "<group>"; };
		A866831BDFD42E80353C80D8 /* DisciplineLevelPicker.swift */ = {isa = PBXFileReference; lastKnownFileType = sourcecode.swift; path = DisciplineLevelPicker.swift; sourceTree = "<group>"; };
		B1524D749BB78A875E5FD51F /* StandLockApp.swift */ = {isa = PBXFileReference; lastKnownFileType = sourcecode.swift; path = StandLockApp.swift; sourceTree = "<group>"; };
		C5BBDBF97CFAA5FF490CBD00 /* BreakOverlayWindow.swift */ = {isa = PBXFileReference; lastKnownFileType = sourcecode.swift; path = BreakOverlayWindow.swift; sourceTree = "<group>"; };
		DC6421DB3A1D7F3131B3B7F4 /* StandLockKit */ = {isa = PBXFileReference; lastKnownFileType = folder; name = StandLockKit; path = StandLockKit; sourceTree = SOURCE_ROOT; };
		DD06AD45022B6D147E26C4A6 /* AppDelegate.swift */ = {isa = PBXFileReference; lastKnownFileType = sourcecode.swift; path = AppDelegate.swift; sourceTree = "<group>"; };
		E2436E0F3F20FE12F920ADE7 /* QuickActionsView.swift */ = {isa = PBXFileReference; lastKnownFileType = sourcecode.swift; path = QuickActionsView.swift; sourceTree = "<group>"; };
		E2E6E6102A1900D1FAB2A856 /* DetectionSettingsView.swift */ = {isa = PBXFileReference; lastKnownFileType = sourcecode.swift; path = DetectionSettingsView.swift; sourceTree = "<group>"; };
/* End PBXFileReference section */

/* Begin PBXFrameworksBuildPhase section */
		904958FBDA50D72D0D76A68B /* Frameworks */ = {
			isa = PBXFrameworksBuildPhase;
			buildActionMask = 2147483647;
			files = (
				4F9FCDEAA10641DE215D0663 /* StandLockCore in Frameworks */,
				90D5E71A0446AFE3673A03EA /* Scheduling in Frameworks */,
				82BDAFFF1661ED2476DDCAD3 /* Detection in Frameworks */,
				AD18B90CCF07CB58B8312CDB /* Locking in Frameworks */,
				918E275316F96D0940D30FE1 /* Coordination in Frameworks */,
			);
			runOnlyForDeploymentPostprocessing = 0;
		};
/* End PBXFrameworksBuildPhase section */

/* Begin PBXGroup section */
		2CA6E45A7258421539512D9F /* BreakScreen */ = {
			isa = PBXGroup;
			children = (
				17E19773EB3047D0D427C1C2 /* BreakContentView.swift */,
				C5BBDBF97CFAA5FF490CBD00 /* BreakOverlayWindow.swift */,
			);
			path = BreakScreen;
			sourceTree = "<group>";
		};
		64D60FF567A01B99F7222C1B /* Settings */ = {
			isa = PBXGroup;
			children = (
				E2E6E6102A1900D1FAB2A856 /* DetectionSettingsView.swift */,
				A866831BDFD42E80353C80D8 /* DisciplineLevelPicker.swift */,
				6382F8157622B1D11845645E /* PermissionsView.swift */,
				94F9B9151DFEA710D1211B70 /* ScheduleEditorView.swift */,
				14C3EDA84FE380ED1AF6CE8A /* ScheduleFormView.swift */,
				512EB234C46341A2816AAE12 /* SettingsView.swift */,
			);
			path = Settings;
			sourceTree = "<group>";
		};
		85FCDB623AA2D87A6776A720 /* AppState */ = {
			isa = PBXGroup;
			children = (
				A81F2ED91290AD26CB5B672E /* AppCoordinator.swift */,
				4462E8D161113596647BD19E /* OverlayWindowController.swift */,
			);
			path = AppState;
			sourceTree = "<group>";
		};
		907B89335B2C9A1ECDB2617C = {
			isa = PBXGroup;
			children = (
				F7BF333DCA8F5AAD680D9E9F /* Packages */,
				95F63B4A7C6B184D86062873 /* StandLock */,
				D36891D20EB0A9697C01CD27 /* Products */,
			);
			sourceTree = "<group>";
		};
		95F63B4A7C6B184D86062873 /* StandLock */ = {
			isa = PBXGroup;
			children = (
				DD06AD45022B6D147E26C4A6 /* AppDelegate.swift */,
				42215A75B39382916D51D614 /* Info.plist */,
				540564FDDCA36A0411155BC1 /* StandLock.entitlements */,
				B1524D749BB78A875E5FD51F /* StandLockApp.swift */,
				85FCDB623AA2D87A6776A720 /* AppState */,
				9D2396E1A8CA6F7756FE2E75 /* Views */,
			);
			path = StandLock;
			sourceTree = "<group>";
		};
		9D2396E1A8CA6F7756FE2E75 /* Views */ = {
			isa = PBXGroup;
			children = (
				2CA6E45A7258421539512D9F /* BreakScreen */,
				C791EB2D22AF23F85734BB7A /* MenuBar */,
				64D60FF567A01B99F7222C1B /* Settings */,
			);
			path = Views;
			sourceTree = "<group>";
		};
		C791EB2D22AF23F85734BB7A /* MenuBar */ = {
			isa = PBXGroup;
			children = (
				52A2D12AD9D89928096A633C /* MenuBarView.swift */,
				E2436E0F3F20FE12F920ADE7 /* QuickActionsView.swift */,
			);
			path = MenuBar;
			sourceTree = "<group>";
		};
		D36891D20EB0A9697C01CD27 /* Products */ = {
			isa = PBXGroup;
			children = (
				05CE8593F3F5EBFD2FD7DD08 /* StandLock.app */,
			);
			name = Products;
			sourceTree = "<group>";
		};
		F7BF333DCA8F5AAD680D9E9F /* Packages */ = {
			isa = PBXGroup;
			children = (
				DC6421DB3A1D7F3131B3B7F4 /* StandLockKit */,
			);
			name = Packages;
			sourceTree = "<group>";
		};
/* End PBXGroup section */

/* Begin PBXNativeTarget section */
		9FBF36FA4615F6B575D81462 /* StandLock */ = {
			isa = PBXNativeTarget;
			buildConfigurationList = DD1F99586E0796836A921B06 /* Build configuration list for PBXNativeTarget "StandLock" */;
			buildPhases = (
				4D339253DB07A7FC15C65CCF /* Sources */,
				904958FBDA50D72D0D76A68B /* Frameworks */,
			);
			buildRules = (
			);
			dependencies = (
			);
			name = StandLock;
			packageProductDependencies = (
				72A6FAE1CB69E8D0DE33B641 /* StandLockCore */,
				316964B56B03AC1F35947883 /* Scheduling */,
				F19E05A1FA932709D406DD8F /* Detection */,
				3F23054B7AE15E61C38C884E /* Locking */,
				B92CC5F67D1B761AB8B497AF /* Coordination */,
			);
			productName = StandLock;
			productReference = 05CE8593F3F5EBFD2FD7DD08 /* StandLock.app */;
			productType = "com.apple.product-type.application";
		};
/* End PBXNativeTarget section */

/* Begin PBXProject section */
		E9B5362AD6A287CE18B497FB /* Project object */ = {
			isa = PBXProject;
			attributes = {
				BuildIndependentTargetsInParallel = YES;
				LastUpgradeCheck = 1600;
				TargetAttributes = {
				};
			};
			buildConfigurationList = 83C1266D2B74DBC2480B2B2D /* Build configuration list for PBXProject "StandLock" */;
			developmentRegion = en;
			hasScannedForEncodings = 0;
			knownRegions = (
				Base,
				en,
			);
			mainGroup = 907B89335B2C9A1ECDB2617C;
			minimizedProjectReferenceProxies = 1;
			packageReferences = (
				F7857F37B5CD44E44B013353 /* XCLocalSwiftPackageReference "StandLockKit" */,
			);
			preferredProjectObjectVersion = 77;
			productRefGroup = D36891D20EB0A9697C01CD27 /* Products */;
			projectDirPath = "";
			projectRoot = "";
			targets = (
				9FBF36FA4615F6B575D81462 /* StandLock */,
			);
		};
/* End PBXProject section */

/* Begin PBXSourcesBuildPhase section */
		4D339253DB07A7FC15C65CCF /* Sources */ = {
			isa = PBXSourcesBuildPhase;
			buildActionMask = 2147483647;
			files = (
				4FCB9EE133A8300CC965E687 /* AppCoordinator.swift in Sources */,
				9D77F7B7F12048E4399B8B25 /* AppDelegate.swift in Sources */,
				810D4C61C16893C7AA034095 /* BreakContentView.swift in Sources */,
				44D9EB3E27CF114DDF7E3735 /* BreakOverlayWindow.swift in Sources */,
				DABDEC6CA937B88679850A3E /* DetectionSettingsView.swift in Sources */,
				676678D8A09155A2AEEFA18C /* DisciplineLevelPicker.swift in Sources */,
				1CCAA6FDBBB854DCBC1968EA /* MenuBarView.swift in Sources */,
				ED1A168BD55576065212E8ED /* OverlayWindowController.swift in Sources */,
				89532644D109DAC0E1C69BED /* PermissionsView.swift in Sources */,
				4A537C55B992DF62814F9857 /* QuickActionsView.swift in Sources */,
				5AC2660FDBB66F4B523FC1E2 /* ScheduleEditorView.swift in Sources */,
				B0845F2F14770C95395FBA5F /* ScheduleFormView.swift in Sources */,
				6AF974084F51158A71D9EA47 /* SettingsView.swift in Sources */,
				2CD0D3C3CF795626E50A5EAA /* StandLockApp.swift in Sources */,
			);
			runOnlyForDeploymentPostprocessing = 0;
		};
/* End PBXSourcesBuildPhase section */

/* Begin XCBuildConfiguration section */
		24E7C22FA25D7BF0111E50A7 /* Release */ = {
			isa = XCBuildConfiguration;
			buildSettings = {
				ASSETCATALOG_COMPILER_APPICON_NAME = AppIcon;
				CODE_SIGN_ENTITLEMENTS = StandLock/StandLock.entitlements;
				COMBINE_HIDPI_IMAGES = YES;
				ENABLE_USER_SCRIPT_SANDBOXING = NO;
				INFOPLIST_FILE = StandLock/Info.plist;
				LD_RUNPATH_SEARCH_PATHS = (
					"$(inherited)",
					"@executable_path/../Frameworks",
				);
				PRODUCT_BUNDLE_IDENTIFIER = com.standlock.app;
				PRODUCT_NAME = StandLock;
				SDKROOT = macosx;
				SWIFT_STRICT_CONCURRENCY = complete;
			};
			name = Release;
		};
		3C3BFC828EAE81A230208DC6 /* Debug */ = {
			isa = XCBuildConfiguration;
			buildSettings = {
				ASSETCATALOG_COMPILER_APPICON_NAME = AppIcon;
				CODE_SIGN_ENTITLEMENTS = StandLock/StandLock.entitlements;
				COMBINE_HIDPI_IMAGES = YES;
				ENABLE_USER_SCRIPT_SANDBOXING = NO;
				INFOPLIST_FILE = StandLock/Info.plist;
				LD_RUNPATH_SEARCH_PATHS = (
					"$(inherited)",
					"@executable_path/../Frameworks",
				);
				PRODUCT_BUNDLE_IDENTIFIER = com.standlock.app;
				PRODUCT_NAME = StandLock;
				SDKROOT = macosx;
				SWIFT_STRICT_CONCURRENCY = complete;
			};
			name = Debug;
		};
		9AB410E184DA5F21E3D1A3F3 /* Release */ = {
			isa = XCBuildConfiguration;
			buildSettings = {
				ALWAYS_SEARCH_USER_PATHS = NO;
				CLANG_ANALYZER_NONNULL = YES;
				CLANG_ANALYZER_NUMBER_OBJECT_CONVERSION = YES_AGGRESSIVE;
				CLANG_CXX_LANGUAGE_STANDARD = "gnu++14";
				CLANG_CXX_LIBRARY = "libc++";
				CLANG_ENABLE_MODULES = YES;
				CLANG_ENABLE_OBJC_ARC = YES;
				CLANG_ENABLE_OBJC_WEAK = YES;
				CLANG_WARN_BLOCK_CAPTURE_AUTORELEASING = YES;
				CLANG_WARN_BOOL_CONVERSION = YES;
				CLANG_WARN_COMMA = YES;
				CLANG_WARN_CONSTANT_CONVERSION = YES;
				CLANG_WARN_DEPRECATED_OBJC_IMPLEMENTATIONS = YES;
				CLANG_WARN_DIRECT_OBJC_ISA_USAGE = YES_ERROR;
				CLANG_WARN_DOCUMENTATION_COMMENTS = YES;
				CLANG_WARN_EMPTY_BODY = YES;
				CLANG_WARN_ENUM_CONVERSION = YES;
				CLANG_WARN_INFINITE_RECURSION = YES;
				CLANG_WARN_INT_CONVERSION = YES;
				CLANG_WARN_NON_LITERAL_NULL_CONVERSION = YES;
				CLANG_WARN_OBJC_IMPLICIT_RETAIN_SELF = YES;
				CLANG_WARN_OBJC_LITERAL_CONVERSION = YES;
				CLANG_WARN_OBJC_ROOT_CLASS = YES_ERROR;
				CLANG_WARN_QUOTED_INCLUDE_IN_FRAMEWORK_HEADER = YES;
				CLANG_WARN_RANGE_LOOP_ANALYSIS = YES;
				CLANG_WARN_STRICT_PROTOTYPES = YES;
				CLANG_WARN_SUSPICIOUS_MOVE = YES;
				CLANG_WARN_UNGUARDED_AVAILABILITY = YES_AGGRESSIVE;
				CLANG_WARN_UNREACHABLE_CODE = YES;
				CLANG_WARN__DUPLICATE_METHOD_MATCH = YES;
				COPY_PHASE_STRIP = NO;
				DEBUG_INFORMATION_FORMAT = "dwarf-with-dsym";
				ENABLE_HARDENED_RUNTIME = YES;
				ENABLE_NS_ASSERTIONS = NO;
				ENABLE_STRICT_OBJC_MSGSEND = YES;
				GCC_C_LANGUAGE_STANDARD = gnu11;
				GCC_NO_COMMON_BLOCKS = YES;
				GCC_WARN_64_TO_32_BIT_CONVERSION = YES;
				GCC_WARN_ABOUT_RETURN_TYPE = YES_ERROR;
				GCC_WARN_UNDECLARED_SELECTOR = YES;
				GCC_WARN_UNINITIALIZED_AUTOS = YES_AGGRESSIVE;
				GCC_WARN_UNUSED_FUNCTION = YES;
				GCC_WARN_UNUSED_VARIABLE = YES;
				MACOSX_DEPLOYMENT_TARGET = 15.0;
				MTL_ENABLE_DEBUG_INFO = NO;
				MTL_FAST_MATH = YES;
				PRODUCT_NAME = "$(TARGET_NAME)";
				SDKROOT = macosx;
				SWIFT_COMPILATION_MODE = wholemodule;
				SWIFT_OPTIMIZATION_LEVEL = "-O";
				SWIFT_VERSION = 6.0;
			};
			name = Release;
		};
		B29304891A6D900E33BFEEE3 /* Debug */ = {
			isa = XCBuildConfiguration;
			buildSettings = {
				ALWAYS_SEARCH_USER_PATHS = NO;
				CLANG_ANALYZER_NONNULL = YES;
				CLANG_ANALYZER_NUMBER_OBJECT_CONVERSION = YES_AGGRESSIVE;
				CLANG_CXX_LANGUAGE_STANDARD = "gnu++14";
				CLANG_CXX_LIBRARY = "libc++";
				CLANG_ENABLE_MODULES = YES;
				CLANG_ENABLE_OBJC_ARC = YES;
				CLANG_ENABLE_OBJC_WEAK = YES;
				CLANG_WARN_BLOCK_CAPTURE_AUTORELEASING = YES;
				CLANG_WARN_BOOL_CONVERSION = YES;
				CLANG_WARN_COMMA = YES;
				CLANG_WARN_CONSTANT_CONVERSION = YES;
				CLANG_WARN_DEPRECATED_OBJC_IMPLEMENTATIONS = YES;
				CLANG_WARN_DIRECT_OBJC_ISA_USAGE = YES_ERROR;
				CLANG_WARN_DOCUMENTATION_COMMENTS = YES;
				CLANG_WARN_EMPTY_BODY = YES;
				CLANG_WARN_ENUM_CONVERSION = YES;
				CLANG_WARN_INFINITE_RECURSION = YES;
				CLANG_WARN_INT_CONVERSION = YES;
				CLANG_WARN_NON_LITERAL_NULL_CONVERSION = YES;
				CLANG_WARN_OBJC_IMPLICIT_RETAIN_SELF = YES;
				CLANG_WARN_OBJC_LITERAL_CONVERSION = YES;
				CLANG_WARN_OBJC_ROOT_CLASS = YES_ERROR;
				CLANG_WARN_QUOTED_INCLUDE_IN_FRAMEWORK_HEADER = YES;
				CLANG_WARN_RANGE_LOOP_ANALYSIS = YES;
				CLANG_WARN_STRICT_PROTOTYPES = YES;
				CLANG_WARN_SUSPICIOUS_MOVE = YES;
				CLANG_WARN_UNGUARDED_AVAILABILITY = YES_AGGRESSIVE;
				CLANG_WARN_UNREACHABLE_CODE = YES;
				CLANG_WARN__DUPLICATE_METHOD_MATCH = YES;
				COPY_PHASE_STRIP = NO;
				DEBUG_INFORMATION_FORMAT = dwarf;
				ENABLE_HARDENED_RUNTIME = YES;
				ENABLE_STRICT_OBJC_MSGSEND = YES;
				ENABLE_TESTABILITY = YES;
				GCC_C_LANGUAGE_STANDARD = gnu11;
				GCC_DYNAMIC_NO_PIC = NO;
				GCC_NO_COMMON_BLOCKS = YES;
				GCC_OPTIMIZATION_LEVEL = 0;
				GCC_PREPROCESSOR_DEFINITIONS = (
					"$(inherited)",
					"DEBUG=1",
				);
				GCC_WARN_64_TO_32_BIT_CONVERSION = YES;
				GCC_WARN_ABOUT_RETURN_TYPE = YES_ERROR;
				GCC_WARN_UNDECLARED_SELECTOR = YES;
				GCC_WARN_UNINITIALIZED_AUTOS = YES_AGGRESSIVE;
				GCC_WARN_UNUSED_FUNCTION = YES;
				GCC_WARN_UNUSED_VARIABLE = YES;
				MACOSX_DEPLOYMENT_TARGET = 15.0;
				MTL_ENABLE_DEBUG_INFO = INCLUDE_SOURCE;
				MTL_FAST_MATH = YES;
				ONLY_ACTIVE_ARCH = YES;
				PRODUCT_NAME = "$(TARGET_NAME)";
				SDKROOT = macosx;
				SWIFT_ACTIVE_COMPILATION_CONDITIONS = DEBUG;
				SWIFT_OPTIMIZATION_LEVEL = "-Onone";
				SWIFT_VERSION = 6.0;
			};
			name = Debug;
		};
/* End XCBuildConfiguration section */

/* Begin XCConfigurationList section */
		83C1266D2B74DBC2480B2B2D /* Build configuration list for PBXProject "StandLock" */ = {
			isa = XCConfigurationList;
			buildConfigurations = (
				B29304891A6D900E33BFEEE3 /* Debug */,
				9AB410E184DA5F21E3D1A3F3 /* Release */,
			);
			defaultConfigurationIsVisible = 0;
			defaultConfigurationName = Debug;
		};
		DD1F99586E0796836A921B06 /* Build configuration list for PBXNativeTarget "StandLock" */ = {
			isa = XCConfigurationList;
			buildConfigurations = (
				3C3BFC828EAE81A230208DC6 /* Debug */,
				24E7C22FA25D7BF0111E50A7 /* Release */,
			);
			defaultConfigurationIsVisible = 0;
			defaultConfigurationName = Debug;
		};
/* End XCConfigurationList section */

/* Begin XCLocalSwiftPackageReference section */
		F7857F37B5CD44E44B013353 /* XCLocalSwiftPackageReference "StandLockKit" */ = {
			isa = XCLocalSwiftPackageReference;
			relativePath = StandLockKit;
		};
/* End XCLocalSwiftPackageReference section */

/* Begin XCSwiftPackageProductDependency section */
		316964B56B03AC1F35947883 /* Scheduling */ = {
			isa = XCSwiftPackageProductDependency;
			productName = Scheduling;
		};
		3F23054B7AE15E61C38C884E /* Locking */ = {
			isa = XCSwiftPackageProductDependency;
			productName = Locking;
		};
		72A6FAE1CB69E8D0DE33B641 /* StandLockCore */ = {
			isa = XCSwiftPackageProductDependency;
			productName = StandLockCore;
		};
		B92CC5F67D1B761AB8B497AF /* Coordination */ = {
			isa = XCSwiftPackageProductDependency;
			productName = Coordination;
		};
		F19E05A1FA932709D406DD8F /* Detection */ = {
			isa = XCSwiftPackageProductDependency;
			productName = Detection;
		};
/* End XCSwiftPackageProductDependency section */
	};
	rootObject = E9B5362AD6A287CE18B497FB /* Project object */;
}
